
Microsoft Visual Studio Solution File, Format Version 12.00
# Visual Studio Version 17
VisualStudioVersion = 17.2.32630.192
MinimumVisualStudioVersion = 10.0.40219.1
Project("{FAE04EC0-301F-11D3-BF4B-00C04F79EFBC}") = "processo-seletivo", "processo-seletivo\processo-seletivo.csproj", "{856F2DC2-E777-4260-8C93-019EBAEA43AB}"
EndProject
Project("{9092AA53-FB77-4645-B42D-1CCCA6BD08BD}") = "processo-seletivo-front", "processo-seletivo-front\processo-seletivo-front.njsproj", "{ED8A6E61-24B1-422C-B132-1B9E566A76EB}"
EndProject
Global
	GlobalSection(SolutionConfigurationPlatforms) = preSolution
		Debug|Any CPU = Debug|Any CPU
		Release|Any CPU = Release|Any CPU
	EndGlobalSection
	GlobalSection(ProjectConfigurationPlatforms) = postSolution
		{856F2DC2-E777-4260-8C93-019EBAEA43AB}.Debug|Any CPU.ActiveCfg = Debug|Any CPU
		{856F2DC2-E777-4260-8C93-019EBAEA43AB}.Debug|Any CPU.Build.0 = Debug|Any CPU
		{856F2DC2-E777-4260-8C93-019EBAEA43AB}.Release|Any CPU.ActiveCfg = Release|Any CPU
		{856F2DC2-E777-4260-8C93-019EBAEA43AB}.Release|Any CPU.Build.0 = Release|Any CPU
		{ED8A6E61-24B1-422C-B132-1B9E566A76EB}.Debug|Any CPU.ActiveCfg = Debug|Any CPU
		{ED8A6E61-24B1-422C-B132-1B9E566A76EB}.Debug|Any CPU.Build.0 = Debug|Any CPU
		{ED8A6E61-24B1-422C-B132-1B9E566A76EB}.Release|Any CPU.ActiveCfg = Release|Any CPU
		{ED8A6E61-24B1-422C-B132-1B9E566A76EB}.Release|Any CPU.Build.0 = Release|Any CPU
	EndGlobalSection
	GlobalSection(SolutionProperties) = preSolution
		HideSolutionNode = FALSE
	EndGlobalSection
	GlobalSection(ExtensibilityGlobals) = postSolution
		SolutionGuid = {446CC096-C5E2-4F55-811B-C6FAA32496B6}
	EndGlobalSection
EndGlobal
